// !$*UTF8*$!
{
	archiveVersion = 1;
	classes = {
	};
	objectVersion = 48;
	objects = {

/* Begin PBXBuildFile section */
		748943CA1FDAF27D0015D853 /* AppDelegate.swift in Sources */ = {isa = PBXBuildFile; fileRef = 748943C91FDAF27D0015D853 /* AppDelegate.swift */; };
		748943CC1FDAF27D0015D853 /* ViewController.swift in Sources */ = {isa = PBXBuildFile; fileRef = 748943CB1FDAF27D0015D853 /* ViewController.swift */; };
		748943CF1FDAF27D0015D853 /* Main.storyboard in Resources */ = {isa = PBXBuildFile; fileRef = 748943CD1FDAF27D0015D853 /* Main.storyboard */; };
		748943D11FDAF27D0015D853 /* Assets.xcassets in Resources */ = {isa = PBXBuildFile; fileRef = 748943D01FDAF27D0015D853 /* Assets.xcassets */; };
		748943D41FDAF27D0015D853 /* LaunchScreen.storyboard in Resources */ = {isa = PBXBuildFile; fileRef = 748943D21FDAF27D0015D853 /* LaunchScreen.storyboard */; };
/* End PBXBuildFile section */

/* Begin PBXFileReference section */
		748943C61FDAF27D0015D853 /* Mephi22.app */ = {isa = PBXFileReference; explicitFileType = wrapper.application; includeInIndex = 0; path = Mephi22.app; sourceTree = BUILT_PRODUCTS_DIR; };
		748943C91FDAF27D0015D853 /* AppDelegate.swift */ = {isa = PBXFileReference; lastKnownFileType = sourcecode.swift; path = AppDelegate.swift; sourceTree = "<group>"; };
		748943CB1FDAF27D0015D853 /* ViewController.swift */ = {isa = PBXFileReference; lastKnownFileType = sourcecode.swift; path = ViewController.swift; sourceTree = "<group>"; };
		748943CE1FDAF27D0015D853 /* Base */ = {isa = PBXFileReference; lastKnownFileType = file.storyboard; name = Base; path = Base.lproj/Main.storyboard; sourceTree = "<group>"; };
		748943D01FDAF27D0015D853 /* Assets.xcassets */ = {isa = PBXFileReference; lastKnownFileType = folder.assetcatalog; path = Assets.xcassets; sourceTree = "<group>"; };
		748943D31FDAF27D0015D853 /* Base */ = {isa = PBXFileReference; lastKnownFileType = file.storyboard; name = Base; path = Base.lproj/LaunchScreen.storyboard; sourceTree = "<group>"; };
		748943D51FDAF27D0015D853 /* Info.plist */ = {isa = PBXFileReference; lastKnownFileType = text.plist.xml; path = Info.plist; sourceTree = "<group>"; };
/* End PBXFileReference section */

/* Begin PBXFrameworksBuildPhase section */
		748943C31FDAF27D0015D853 /* Frameworks */ = {
			isa = PBXFrameworksBuildPhase;
			buildActionMask = 2147483647;
			files = (
			);
			runOnlyForDeploymentPostprocessing = 0;
		};
/* End PBXFrameworksBuildPhase section */

/* Begin PBXGroup section */
		748943BD1FDAF27D0015D853 = {
			isa = PBXGroup;
			children = (
				748943C81FDAF27D0015D853 /* Mephi22 */,
				748943C71FDAF27D0015D853 /* Products */,
			);
			sourceTree = "<group>";
		};
		748943C71FDAF27D0015D853 /* Products */ = {
			isa = PBXGroup;
			children = (
				748943C61FDAF27D0015D853 /* Mephi22.app */,
			);
			name = Products;
			sourceTree = "<group>";
		};
		748943C81FDAF27D0015D853 /* Mephi22 */ = {
			isa = PBXGroup;
			children = (
				748943C91FDAF27D0015D853 /* AppDelegate.swift */,
				748943CB1FDAF27D0015D853 /* ViewController.swift */,
				748943CD1FDAF27D0015D853 /* Main.storyboard */,
				748943D01FDAF27D0015D853 /* Assets.xcassets */,
				748943D21FDAF27D0015D853 /* LaunchScreen.storyboard */,
				748943D51FDAF27D0015D853 /* Info.plist */,
			);
			path = Mephi22;
			sourceTree = "<group>";
		};
/* End PBXGroup section */

/* Begin PBXNativeTarget section */
		748943C51FDAF27D0015D853 /* Mephi22 */ = {
			isa = PBXNativeTarget;
			buildConfigurationList = 748943D81FDAF27D0015D853 /* Build configuration list for PBXNativeTarget "Mephi22" */;
			buildPhases = (
				748943C21FDAF27D0015D853 /* Sources */,
				748943C31FDAF27D0015D853 /* Frameworks */,
				748943C41FDAF27D0015D853 /* Resources */,
			);
			buildRules = (
			);
			dependencies = (
			);
			name = Mephi22;
			productName = Mephi22;
			productReference = 748943C61FDAF27D0015D853 /* Mephi22.app */;
			productType = "com.apple.product-type.application";
		};
/* End PBXNativeTarget section */

/* Begin PBXProject section */
		748943BE1FDAF27D0015D853 /* Project object */ = {
			isa = PBXProject;
			attributes = {
				LastSwiftUpdateCheck = 0920;
				LastUpgradeCheck = 0920;
				ORGANIZATIONNAME = "Mikhail Rudanov";
				TargetAttributes = {
					748943C51FDAF27D0015D853 = {
						CreatedOnToolsVersion = 9.2;
						ProvisioningStyle = Automatic;
					};
				};
			};
			buildConfigurationList = 748943C11FDAF27D0015D853 /* Build configuration list for PBXProject "Mephi22" */;
			compatibilityVersion = "Xcode 8.0";
			developmentRegion = en;
			hasScannedForEncodings = 0;
			knownRegions = (
				en,
				Base,
			);
			mainGroup = 748943BD1FDAF27D0015D853;
			productRefGroup = 748943C71FDAF27D0015D853 /* Products */;
			projectDirPath = "";
			projectRoot = "";
			targets = (
				748943C51FDAF27D0015D853 /* Mephi22 */,
			);
		};
/* End PBXProject section */

/* Begin PBXResourcesBuildPhase section */
		748943C41FDAF27D0015D853 /* Resources */ = {
			isa = PBXResourcesBuildPhase;
			buildActionMask = 2147483647;
			files = (
				748943D41FDAF27D0015D853 /* LaunchScreen.storyboard in Resources */,
				748943D11FDAF27D0015D853 /* Assets.xcassets in Resources */,
				748943CF1FDAF27D0015D853 /* Main.storyboard in Resources */,
			);
			runOnlyForDeploymentPostprocessing = 0;
		};
/* End PBXResourcesBuildPhase section */

/* Begin PBXSourcesBuildPhase section */
		748943C21FDAF27D0015D853 /* Sources */ = {
			isa = PBXSourcesBuildPhase;
			buildActionMask = 2147483647;
			files = (
				748943CC1FDAF27D0015D853 /* ViewController.swift in Sources */,
				748943CA1FDAF27D0015D853 /* AppDelegate.swift in Sources */,
			);
			runOnlyForDeploymentPostprocessing = 0;
		};
/* End PBXSourcesBuildPhase section */

/* Begin PBXVariantGroup section */
		748943CD1FDAF27D0015D853 /* Main.storyboard */ = {
			isa = PBXVariantGroup;
			children = (
				748943CE1FDAF27D0015D853 /* Base */,
			);
			name = Main.storyboard;
			sourceTree = "<group>";
		};
		748943D21FDAF27D0015D853 /* LaunchScreen.storyboard */ = {
			isa = PBXVariantGroup;
			children = (
				748943D31FDAF27D0015D853 /* Base */,
			);
			name = LaunchScreen.storyboard;
			sourceTree = "<group>";
		};
/* End PBXVariantGroup section */

/* Begin XCBuildConfiguration section */
		748943D61FDAF27D0015D853 /* Debug */ = {
			isa = XCBuildConfiguration;
			buildSettings = {
				ALWAYS_SEARCH_USER_PATHS = NO;
				CLANG_ANALYZER_NONNULL = YES;
				CLANG_ANALYZER_NUMBER_OBJECT_CONVERSION = YES_AGGRESSIVE;
				CLANG_CXX_LANGUAGE_STANDARD = "gnu++14";
				CLANG_CXX_LIBRARY = "libc++";
				CLANG_ENABLE_MODULES = YES;
				CLANG_ENABLE_OBJC_ARC = YES;
				CLANG_WARN_BLOCK_CAPTURE_AUTORELEASING = YES;
				CLANG_WARN_BOOL_CONVERSION = YES;
				CLANG_WARN_COMMA = YES;
				CLANG_WARN_CONSTANT_CONVERSION = YES;
				CLANG_WARN_DIRECT_OBJC_ISA_USAGE = YES_ERROR;
				CLANG_WARN_DOCUMENTATION_COMMENTS = YES;
				CLANG_WARN_EMPTY_BODY = YES;
				CLANG_WARN_ENUM_CONVERSION = YES;
				CLANG_WARN_INFINITE_RECURSION = YES;
				CLANG_WARN_INT_CONVERSION = YES;
				CLANG_WARN_NON_LITERAL_NULL_CONVERSION = YES;
				CLANG_WARN_OBJC_LITERAL_CONVERSION = YES;
				CLANG_WARN_OBJC_ROOT_CLASS = YES_ERROR;
				CLANG_WARN_RANGE_LOOP_ANALYSIS = YES;
				CLANG_WARN_STRICT_PROTOTYPES = YES;
				CLANG_WARN_SUSPICIOUS_MOVE = YES;
				CLANG_WARN_UNGUARDED_AVAILABILITY = YES_AGGRESSIVE;
				CLANG_WARN_UNREACHABLE_CODE = YES;
				CLANG_WARN__DUPLICATE_METHOD_MATCH = YES;
				CODE_SIGN_IDENTITY = "iPhone Developer";
				COPY_PHASE_STRIP = NO;
				DEBUG_INFORMATION_FORMAT = dwarf;
				ENABLE_STRICT_OBJC_MSGSEND = YES;
				ENABLE_TESTABILITY = YES;
				GCC_C_LANGUAGE_STANDARD = gnu11;
				GCC_DYNAMIC_NO_PIC = NO;
				GCC_NO_COMMON_BLOCKS = YES;
				GCC_OPTIMIZATION_LEVEL = 0;
				GCC_PREPROCESSOR_DEFINITIONS = (
					"DEBUG=1",
					"$(inherited)",
				);
				GCC_WARN_64_TO_32_BIT_CONVERSION = YES;
				GCC_WARN_ABOUT_RETURN_TYPE = YES_ERROR;
				GCC_WARN_UNDECLARED_SELECTOR = YES;
				GCC_WARN_UNINITIALIZED_AUTOS = YES_AGGRESSIVE;
				GCC_WARN_UNUSED_FUNCTION = YES;
				GCC_WARN_UNUSED_VARIABLE = YES;
				IPHONEOS_DEPLOYMENT_TARGET = 11.2;
				MTL_ENABLE_DEBUG_INFO = YES;
				ONLY_ACTIVE_ARCH = YES;
				SDKROOT = iphoneos;
				SWIFT_ACTIVE_COMPILATION_CONDITIONS = DEBUG;
				SWIFT_OPTIMIZATION_LEVEL = "-Onone";
			};
			name = Debug;
		};
		748943D71FDAF27D0015D853 /* Release */ = {
			isa = XCBuildConfiguration;
			buildSettings = {
				ALWAYS_SEARCH_USER_PATHS = NO;
				CLANG_ANALYZER_NONNULL = YES;
				CLANG_ANALYZER_NUMBER_OBJECT_CONVERSION = YES_AGGRESSIVE;
				CLANG_CXX_LANGUAGE_STANDARD = "gnu++14";
				CLANG_CXX_LIBRARY = "libc++";
				CLANG_ENABLE_MODULES = YES;
				CLANG_ENABLE_OBJC_ARC = YES;
				CLANG_WARN_BLOCK_CAPTURE_AUTORELEASING = YES;
				CLANG_WARN_BOOL_CONVERSION = YES;
				CLANG_WARN_COMMA = YES;
				CLANG_WARN_CONSTANT_CONVERSION = YES;
				CLANG_WARN_DIRECT_OBJC_ISA_USAGE = YES_ERROR;
				CLANG_WARN_DOCUMENTATION_COMMENTS = YES;
				CLANG_WARN_EMPTY_BODY = YES;
				CLANG_WARN_ENUM_CONVERSION = YES;
				CLANG_WARN_INFINITE_RECURSION = YES;
				CLANG_WARN_INT_CONVERSION = YES;
				CLANG_WARN_NON_LITERAL_NULL_CONVERSION = YES;
				CLANG_WARN_OBJC_LITERAL_CONVERSION = YES;
				CLANG_WARN_OBJC_ROOT_CLASS = YES_ERROR;
				CLANG_WARN_RANGE_LOOP_ANALYSIS = YES;
				CLANG_WARN_STRICT_PROTOTYPES = YES;
				CLANG_WARN_SUSPICIOUS_MOVE = YES;
				CLANG_WARN_UNGUARDED_AVAILABILITY = YES_AGGRESSIVE;
				CLANG_WARN_UNREACHABLE_CODE = YES;
				CLANG_WARN__DUPLICATE_METHOD_MATCH = YES;
				CODE_SIGN_IDENTITY = "iPhone Developer";
				COPY_PHASE_STRIP = NO;
				DEBUG_INFORMATION_FORMAT = "dwarf-with-dsym";
				ENABLE_NS_ASSERTIONS = NO;
				ENABLE_STRICT_OBJC_MSGSEND = YES;
				GCC_C_LANGUAGE_STANDARD = gnu11;
				GCC_NO_COMMON_BLOCKS = YES;
				GCC_WARN_64_TO_32_BIT_CONVERSION = YES;
				GCC_WARN_ABOUT_RETURN_TYPE = YES_ERROR;
				GCC_WARN_UNDECLARED_SELECTOR = YES;
				GCC_WARN_UNINITIALIZED_AUTOS = YES_AGGRESSIVE;
				GCC_WARN_UNUSED_FUNCTION = YES;
				GCC_WARN_UNUSED_VARIABLE = YES;
				IPHONEOS_DEPLOYMENT_TARGET = 11.2;
				MTL_ENABLE_DEBUG_INFO = NO;
				SDKROOT = iphoneos;
				SWIFT_OPTIMIZATION_LEVEL = "-Owholemodule";
				VALIDATE_PRODUCT = YES;
			};
			name = Release;
		};
		748943D91FDAF27D0015D853 /* Debug */ = {
			isa = XCBuildConfiguration;
			buildSettings = {
				ASSETCATALOG_COMPILER_APPICON_NAME = AppIcon;
				CODE_SIGN_STYLE = Automatic;
				DEVELOPMENT_TEAM = EYNJSUJ3CP;
				INFOPLIST_FILE = Mephi22/Info.plist;
				LD_RUNPATH_SEARCH_PATHS = "$(inherited) @executable_path/Frameworks";
				PRODUCT_BUNDLE_IDENTIFIER = edu.mrudanov.Mephi22;
				PRODUCT_NAME = "$(TARGET_NAME)";
				SWIFT_VERSION = 4.0;
				TARGETED_DEVICE_FAMILY = "1,2";
			};
			name = Debug;
		};
		748943DA1FDAF27D0015D853 /* Release */ = {
			isa = XCBuildConfiguration;
			buildSettings = {
				ASSETCATALOG_COMPILER_APPICON_NAME = AppIcon;
				CODE_SIGN_STYLE = Automatic;
				DEVELOPMENT_TEAM = EYNJSUJ3CP;
				INFOPLIST_FILE = Mephi22/Info.plist;
				LD_RUNPATH_SEARCH_PATHS = "$(inherited) @executable_path/Frameworks";
				PRODUCT_BUNDLE_IDENTIFIER = edu.mrudanov.Mephi22;
				PRODUCT_NAME = "$(TARGET_NAME)";
				SWIFT_VERSION = 4.0;
				TARGETED_DEVICE_FAMILY = "1,2";
			};
			name = Release;
		};
/* End XCBuildConfiguration section */

/* Begin XCConfigurationList section */
		748943C11FDAF27D0015D853 /* Build configuration list for PBXProject "Mephi22" */ = {
			isa = XCConfigurationList;
			buildConfigurations = (
				748943D61FDAF27D0015D853 /* Debug */,
				748943D71FDAF27D0015D853 /* Release */,
			);
			defaultConfigurationIsVisible = 0;
			defaultConfigurationName = Release;
		};
		748943D81FDAF27D0015D853 /* Build configuration list for PBXNativeTarget "Mephi22" */ = {
			isa = XCConfigurationList;
			buildConfigurations = (
				748943D91FDAF27D0015D853 /* Debug */,
				748943DA1FDAF27D0015D853 /* Release */,
			);
			defaultConfigurationIsVisible = 0;
			defaultConfigurationName = Release;
		};
/* End XCConfigurationList section */
	};
	rootObject = 748943BE1FDAF27D0015D853 /* Project object */;
}
