// !$*UTF8*$!
{
	archiveVersion = 1;
	classes = {
	};
	objectVersion = 48;
	objects = {

/* Begin PBXBuildFile section */
		66762D2DF9196AA83D28A394 /* Pods_Mephi22.framework in Frameworks */ = {isa = PBXBuildFile; fileRef = A18B05463E07886F37487C26 /* Pods_Mephi22.framework */; };
		7415826B1FDD7FCB00A7DC97 /* MenuAssembly.swift in Sources */ = {isa = PBXBuildFile; fileRef = 7415826A1FDD7FCB00A7DC97 /* MenuAssembly.swift */; };
		741ABD261FEC1E2C00E4B97F /* DeleteFaces.storyboard in Resources */ = {isa = PBXBuildFile; fileRef = 741ABD251FEC1E2C00E4B97F /* DeleteFaces.storyboard */; };
		741ABD281FEC1E6900E4B97F /* DeleteFacesViewController.swift in Sources */ = {isa = PBXBuildFile; fileRef = 741ABD271FEC1E6900E4B97F /* DeleteFacesViewController.swift */; };
		741ABD2A1FEC1F2000E4B97F /* DeleteFacesAssembly.swift in Sources */ = {isa = PBXBuildFile; fileRef = 741ABD291FEC1F2000E4B97F /* DeleteFacesAssembly.swift */; };
		741ABD2D1FEC64A700E4B97F /* Mephi22Request.swift in Sources */ = {isa = PBXBuildFile; fileRef = 741ABD2C1FEC64A700E4B97F /* Mephi22Request.swift */; };
		741ABD2F1FEC64BA00E4B97F /* KairosRequest.swift in Sources */ = {isa = PBXBuildFile; fileRef = 741ABD2E1FEC64BA00E4B97F /* KairosRequest.swift */; };
		741ABD311FEC64D400E4B97F /* IRequest.swift in Sources */ = {isa = PBXBuildFile; fileRef = 741ABD301FEC64D400E4B97F /* IRequest.swift */; };
		741ABD331FEC668000E4B97F /* FaceRecognitionService.swift in Sources */ = {isa = PBXBuildFile; fileRef = 741ABD321FEC668000E4B97F /* FaceRecognitionService.swift */; };
		746FEA6C1FF0168600736FAF /* CheckPredictions.storyboard in Resources */ = {isa = PBXBuildFile; fileRef = 746FEA6B1FF0168600736FAF /* CheckPredictions.storyboard */; };
		746FEA6E1FF019E400736FAF /* CheckPredictionsViewController.swift in Sources */ = {isa = PBXBuildFile; fileRef = 746FEA6D1FF019E400736FAF /* CheckPredictionsViewController.swift */; };
		746FEA701FF0248700736FAF /* CheckPredictionsAssembly.swift in Sources */ = {isa = PBXBuildFile; fileRef = 746FEA6F1FF0248700736FAF /* CheckPredictionsAssembly.swift */; };
		748943CA1FDAF27D0015D853 /* AppDelegate.swift in Sources */ = {isa = PBXBuildFile; fileRef = 748943C91FDAF27D0015D853 /* AppDelegate.swift */; };
		748943D11FDAF27D0015D853 /* Assets.xcassets in Resources */ = {isa = PBXBuildFile; fileRef = 748943D01FDAF27D0015D853 /* Assets.xcassets */; };
		748943D41FDAF27D0015D853 /* LaunchScreen.storyboard in Resources */ = {isa = PBXBuildFile; fileRef = 748943D21FDAF27D0015D853 /* LaunchScreen.storyboard */; };
		748943E61FDB3A500015D853 /* Menu.storyboard in Resources */ = {isa = PBXBuildFile; fileRef = 748943E51FDB3A500015D853 /* Menu.storyboard */; };
		748943E81FDB3FDB0015D853 /* MenuTableViewController.swift in Sources */ = {isa = PBXBuildFile; fileRef = 748943E71FDB3FDB0015D853 /* MenuTableViewController.swift */; };
		748943EA1FDBCBCF0015D853 /* RootAssembly.swift in Sources */ = {isa = PBXBuildFile; fileRef = 748943E91FDBCBCF0015D853 /* RootAssembly.swift */; };
		748943EF1FDBCC6D0015D853 /* RoundedUIButton.swift in Sources */ = {isa = PBXBuildFile; fileRef = 748943EE1FDBCC6D0015D853 /* RoundedUIButton.swift */; };
		748943F11FDBCC980015D853 /* AFSelectStudent.storyboard in Resources */ = {isa = PBXBuildFile; fileRef = 748943F01FDBCC980015D853 /* AFSelectStudent.storyboard */; };
		748943F71FDC48840015D853 /* AFSelectStudentViewController.swift in Sources */ = {isa = PBXBuildFile; fileRef = 748943F61FDC48840015D853 /* AFSelectStudentViewController.swift */; };
		748943FA1FDC6EAE0015D853 /* Mephi22Service.swift in Sources */ = {isa = PBXBuildFile; fileRef = 748943F91FDC6EAE0015D853 /* Mephi22Service.swift */; };
		748943FE1FDC73E00015D853 /* RequestSender.swift in Sources */ = {isa = PBXBuildFile; fileRef = 748943FD1FDC73E00015D853 /* RequestSender.swift */; };
		748944001FDC83E40015D853 /* RequestFactory.swift in Sources */ = {isa = PBXBuildFile; fileRef = 748943FF1FDC83E40015D853 /* RequestFactory.swift */; };
		748944021FDC8AFA0015D853 /* GroupsDataSource.swift in Sources */ = {isa = PBXBuildFile; fileRef = 748944011FDC8AFA0015D853 /* GroupsDataSource.swift */; };
		748944041FDD2FF00015D853 /* StudentsDataSource.swift in Sources */ = {isa = PBXBuildFile; fileRef = 748944031FDD2FF00015D853 /* StudentsDataSource.swift */; };
		748944071FDD4DBF0015D853 /* AddFaceAssembly.swift in Sources */ = {isa = PBXBuildFile; fileRef = 748944061FDD4DBF0015D853 /* AddFaceAssembly.swift */; };
		74949D021FED411500407925 /* EnrolledGroupsDataSource.swift in Sources */ = {isa = PBXBuildFile; fileRef = 74949D011FED411500407925 /* EnrolledGroupsDataSource.swift */; };
		74949D041FED91A900407925 /* EnrolledStudentsDataSource.swift in Sources */ = {isa = PBXBuildFile; fileRef = 74949D031FED91A900407925 /* EnrolledStudentsDataSource.swift */; };
		74949D061FEDAC2000407925 /* DeleteFacesInteractor.swift in Sources */ = {isa = PBXBuildFile; fileRef = 74949D051FEDAC2000407925 /* DeleteFacesInteractor.swift */; };
		74949D081FEE45BC00407925 /* IGroupsDataSource.swift in Sources */ = {isa = PBXBuildFile; fileRef = 74949D071FEE45BC00407925 /* IGroupsDataSource.swift */; };
		74949D0A1FEE45D800407925 /* IStudentsDataSource.swift in Sources */ = {isa = PBXBuildFile; fileRef = 74949D091FEE45D800407925 /* IStudentsDataSource.swift */; };
		74949D0D1FEE617B00407925 /* CameraViewController.swift in Sources */ = {isa = PBXBuildFile; fileRef = 74949D0C1FEE617B00407925 /* CameraViewController.swift */; };
		74949D121FEF067E00407925 /* AFCameraViewController.swift in Sources */ = {isa = PBXBuildFile; fileRef = 74949D111FEF067E00407925 /* AFCameraViewController.swift */; };
		74949D141FEF99C000407925 /* CameraInteractor.swift in Sources */ = {isa = PBXBuildFile; fileRef = 74949D131FEF99C000407925 /* CameraInteractor.swift */; };
		74949D161FEFA64100407925 /* AFCamera.storyboard in Resources */ = {isa = PBXBuildFile; fileRef = 74949D151FEFA64100407925 /* AFCamera.storyboard */; };
		74949D1A1FEFC2CE00407925 /* ClassesSelectGroup.storyboard in Resources */ = {isa = PBXBuildFile; fileRef = 74949D191FEFC2CE00407925 /* ClassesSelectGroup.storyboard */; };
		74949D1C1FEFC3AA00407925 /* ClassesSelectGroupViewController.swift in Sources */ = {isa = PBXBuildFile; fileRef = 74949D1B1FEFC3AA00407925 /* ClassesSelectGroupViewController.swift */; };
		74A7EF4F1FF03F5300718BFB /* Mephi22ResponseModels.swift in Sources */ = {isa = PBXBuildFile; fileRef = 74A7EF4E1FF03F5300718BFB /* Mephi22ResponseModels.swift */; };
		74A7EF511FF03F7E00718BFB /* FaceRecognitionResponseModels.swift in Sources */ = {isa = PBXBuildFile; fileRef = 74A7EF501FF03F7E00718BFB /* FaceRecognitionResponseModels.swift */; };
		74C8ED511FEFD90200A67EB5 /* ClassesAssembly.swift in Sources */ = {isa = PBXBuildFile; fileRef = 74C8ED501FEFD90200A67EB5 /* ClassesAssembly.swift */; };
		74C8ED541FEFDA4400A67EB5 /* CameraAssembly.swift in Sources */ = {isa = PBXBuildFile; fileRef = 74C8ED531FEFDA4400A67EB5 /* CameraAssembly.swift */; };
		74C8ED571FEFDE9800A67EB5 /* ClassesCamera.storyboard in Resources */ = {isa = PBXBuildFile; fileRef = 74C8ED561FEFDE9800A67EB5 /* ClassesCamera.storyboard */; };
		74C8ED591FEFE1E900A67EB5 /* ClassesCameraViewController.swift in Sources */ = {isa = PBXBuildFile; fileRef = 74C8ED581FEFE1E900A67EB5 /* ClassesCameraViewController.swift */; };
/* End PBXBuildFile section */

/* Begin PBXFileReference section */
		66561BFD4DD37AC49E5070A3 /* Pods-Mephi22.debug.xcconfig */ = {isa = PBXFileReference; includeInIndex = 1; lastKnownFileType = text.xcconfig; name = "Pods-Mephi22.debug.xcconfig"; path = "Pods/Target Support Files/Pods-Mephi22/Pods-Mephi22.debug.xcconfig"; sourceTree = "<group>"; };
		7415826A1FDD7FCB00A7DC97 /* MenuAssembly.swift */ = {isa = PBXFileReference; lastKnownFileType = sourcecode.swift; path = MenuAssembly.swift; sourceTree = "<group>"; };
		741ABD251FEC1E2C00E4B97F /* DeleteFaces.storyboard */ = {isa = PBXFileReference; lastKnownFileType = file.storyboard; path = DeleteFaces.storyboard; sourceTree = "<group>"; };
		741ABD271FEC1E6900E4B97F /* DeleteFacesViewController.swift */ = {isa = PBXFileReference; lastKnownFileType = sourcecode.swift; path = DeleteFacesViewController.swift; sourceTree = "<group>"; };
		741ABD291FEC1F2000E4B97F /* DeleteFacesAssembly.swift */ = {isa = PBXFileReference; lastKnownFileType = sourcecode.swift; path = DeleteFacesAssembly.swift; sourceTree = "<group>"; };
		741ABD2C1FEC64A700E4B97F /* Mephi22Request.swift */ = {isa = PBXFileReference; lastKnownFileType = sourcecode.swift; path = Mephi22Request.swift; sourceTree = "<group>"; };
		741ABD2E1FEC64BA00E4B97F /* KairosRequest.swift */ = {isa = PBXFileReference; lastKnownFileType = sourcecode.swift; path = KairosRequest.swift; sourceTree = "<group>"; };
		741ABD301FEC64D400E4B97F /* IRequest.swift */ = {isa = PBXFileReference; lastKnownFileType = sourcecode.swift; path = IRequest.swift; sourceTree = "<group>"; };
		741ABD321FEC668000E4B97F /* FaceRecognitionService.swift */ = {isa = PBXFileReference; lastKnownFileType = sourcecode.swift; path = FaceRecognitionService.swift; sourceTree = "<group>"; };
		746FEA6B1FF0168600736FAF /* CheckPredictions.storyboard */ = {isa = PBXFileReference; lastKnownFileType = file.storyboard; path = CheckPredictions.storyboard; sourceTree = "<group>"; };
		746FEA6D1FF019E400736FAF /* CheckPredictionsViewController.swift */ = {isa = PBXFileReference; lastKnownFileType = sourcecode.swift; path = CheckPredictionsViewController.swift; sourceTree = "<group>"; };
		746FEA6F1FF0248700736FAF /* CheckPredictionsAssembly.swift */ = {isa = PBXFileReference; lastKnownFileType = sourcecode.swift; path = CheckPredictionsAssembly.swift; sourceTree = "<group>"; };
		748943C61FDAF27D0015D853 /* Mephi22.app */ = {isa = PBXFileReference; explicitFileType = wrapper.application; includeInIndex = 0; path = Mephi22.app; sourceTree = BUILT_PRODUCTS_DIR; };
		748943C91FDAF27D0015D853 /* AppDelegate.swift */ = {isa = PBXFileReference; lastKnownFileType = sourcecode.swift; path = AppDelegate.swift; sourceTree = "<group>"; };
		748943D01FDAF27D0015D853 /* Assets.xcassets */ = {isa = PBXFileReference; lastKnownFileType = folder.assetcatalog; path = Assets.xcassets; sourceTree = "<group>"; };
		748943D31FDAF27D0015D853 /* Base */ = {isa = PBXFileReference; lastKnownFileType = file.storyboard; name = Base; path = Base.lproj/LaunchScreen.storyboard; sourceTree = "<group>"; };
		748943D51FDAF27D0015D853 /* Info.plist */ = {isa = PBXFileReference; lastKnownFileType = text.plist.xml; path = Info.plist; sourceTree = "<group>"; };
		748943E51FDB3A500015D853 /* Menu.storyboard */ = {isa = PBXFileReference; lastKnownFileType = file.storyboard; path = Menu.storyboard; sourceTree = "<group>"; };
		748943E71FDB3FDB0015D853 /* MenuTableViewController.swift */ = {isa = PBXFileReference; lastKnownFileType = sourcecode.swift; path = MenuTableViewController.swift; sourceTree = "<group>"; };
		748943E91FDBCBCF0015D853 /* RootAssembly.swift */ = {isa = PBXFileReference; lastKnownFileType = sourcecode.swift; path = RootAssembly.swift; sourceTree = "<group>"; };
		748943EE1FDBCC6D0015D853 /* RoundedUIButton.swift */ = {isa = PBXFileReference; lastKnownFileType = sourcecode.swift; path = RoundedUIButton.swift; sourceTree = "<group>"; };
		748943F01FDBCC980015D853 /* AFSelectStudent.storyboard */ = {isa = PBXFileReference; lastKnownFileType = file.storyboard; path = AFSelectStudent.storyboard; sourceTree = "<group>"; };
		748943F61FDC48840015D853 /* AFSelectStudentViewController.swift */ = {isa = PBXFileReference; lastKnownFileType = sourcecode.swift; path = AFSelectStudentViewController.swift; sourceTree = "<group>"; };
		748943F91FDC6EAE0015D853 /* Mephi22Service.swift */ = {isa = PBXFileReference; lastKnownFileType = sourcecode.swift; path = Mephi22Service.swift; sourceTree = "<group>"; };
		748943FD1FDC73E00015D853 /* RequestSender.swift */ = {isa = PBXFileReference; lastKnownFileType = sourcecode.swift; path = RequestSender.swift; sourceTree = "<group>"; };
		748943FF1FDC83E40015D853 /* RequestFactory.swift */ = {isa = PBXFileReference; lastKnownFileType = sourcecode.swift; path = RequestFactory.swift; sourceTree = "<group>"; };
		748944011FDC8AFA0015D853 /* GroupsDataSource.swift */ = {isa = PBXFileReference; lastKnownFileType = sourcecode.swift; path = GroupsDataSource.swift; sourceTree = "<group>"; };
		748944031FDD2FF00015D853 /* StudentsDataSource.swift */ = {isa = PBXFileReference; lastKnownFileType = sourcecode.swift; path = StudentsDataSource.swift; sourceTree = "<group>"; };
		748944061FDD4DBF0015D853 /* AddFaceAssembly.swift */ = {isa = PBXFileReference; lastKnownFileType = sourcecode.swift; path = AddFaceAssembly.swift; sourceTree = "<group>"; };
		74949D011FED411500407925 /* EnrolledGroupsDataSource.swift */ = {isa = PBXFileReference; lastKnownFileType = sourcecode.swift; path = EnrolledGroupsDataSource.swift; sourceTree = "<group>"; };
		74949D031FED91A900407925 /* EnrolledStudentsDataSource.swift */ = {isa = PBXFileReference; lastKnownFileType = sourcecode.swift; path = EnrolledStudentsDataSource.swift; sourceTree = "<group>"; };
		74949D051FEDAC2000407925 /* DeleteFacesInteractor.swift */ = {isa = PBXFileReference; lastKnownFileType = sourcecode.swift; path = DeleteFacesInteractor.swift; sourceTree = "<group>"; };
		74949D071FEE45BC00407925 /* IGroupsDataSource.swift */ = {isa = PBXFileReference; lastKnownFileType = sourcecode.swift; path = IGroupsDataSource.swift; sourceTree = "<group>"; };
		74949D091FEE45D800407925 /* IStudentsDataSource.swift */ = {isa = PBXFileReference; lastKnownFileType = sourcecode.swift; path = IStudentsDataSource.swift; sourceTree = "<group>"; };
		74949D0C1FEE617B00407925 /* CameraViewController.swift */ = {isa = PBXFileReference; lastKnownFileType = sourcecode.swift; path = CameraViewController.swift; sourceTree = "<group>"; };
		74949D111FEF067E00407925 /* AFCameraViewController.swift */ = {isa = PBXFileReference; lastKnownFileType = sourcecode.swift; path = AFCameraViewController.swift; sourceTree = "<group>"; };
		74949D131FEF99C000407925 /* CameraInteractor.swift */ = {isa = PBXFileReference; lastKnownFileType = sourcecode.swift; path = CameraInteractor.swift; sourceTree = "<group>"; };
		74949D151FEFA64100407925 /* AFCamera.storyboard */ = {isa = PBXFileReference; lastKnownFileType = file.storyboard; path = AFCamera.storyboard; sourceTree = "<group>"; };
		74949D191FEFC2CE00407925 /* ClassesSelectGroup.storyboard */ = {isa = PBXFileReference; lastKnownFileType = file.storyboard; path = ClassesSelectGroup.storyboard; sourceTree = "<group>"; };
		74949D1B1FEFC3AA00407925 /* ClassesSelectGroupViewController.swift */ = {isa = PBXFileReference; lastKnownFileType = sourcecode.swift; path = ClassesSelectGroupViewController.swift; sourceTree = "<group>"; };
		74A7EF4E1FF03F5300718BFB /* Mephi22ResponseModels.swift */ = {isa = PBXFileReference; lastKnownFileType = sourcecode.swift; path = Mephi22ResponseModels.swift; sourceTree = "<group>"; };
		74A7EF501FF03F7E00718BFB /* FaceRecognitionResponseModels.swift */ = {isa = PBXFileReference; lastKnownFileType = sourcecode.swift; path = FaceRecognitionResponseModels.swift; sourceTree = "<group>"; };
		74C8ED501FEFD90200A67EB5 /* ClassesAssembly.swift */ = {isa = PBXFileReference; lastKnownFileType = sourcecode.swift; path = ClassesAssembly.swift; sourceTree = "<group>"; };
		74C8ED531FEFDA4400A67EB5 /* CameraAssembly.swift */ = {isa = PBXFileReference; lastKnownFileType = sourcecode.swift; path = CameraAssembly.swift; sourceTree = "<group>"; };
		74C8ED561FEFDE9800A67EB5 /* ClassesCamera.storyboard */ = {isa = PBXFileReference; lastKnownFileType = file.storyboard; path = ClassesCamera.storyboard; sourceTree = "<group>"; };
		74C8ED581FEFE1E900A67EB5 /* ClassesCameraViewController.swift */ = {isa = PBXFileReference; lastKnownFileType = sourcecode.swift; path = ClassesCameraViewController.swift; sourceTree = "<group>"; };
		7EF5A2C67B97869176C41EF6 /* Pods-Mephi22.release.xcconfig */ = {isa = PBXFileReference; includeInIndex = 1; lastKnownFileType = text.xcconfig; name = "Pods-Mephi22.release.xcconfig"; path = "Pods/Target Support Files/Pods-Mephi22/Pods-Mephi22.release.xcconfig"; sourceTree = "<group>"; };
		A18B05463E07886F37487C26 /* Pods_Mephi22.framework */ = {isa = PBXFileReference; explicitFileType = wrapper.framework; includeInIndex = 0; path = Pods_Mephi22.framework; sourceTree = BUILT_PRODUCTS_DIR; };
/* End PBXFileReference section */

/* Begin PBXFrameworksBuildPhase section */
		748943C31FDAF27D0015D853 /* Frameworks */ = {
			isa = PBXFrameworksBuildPhase;
			buildActionMask = 2147483647;
			files = (
				66762D2DF9196AA83D28A394 /* Pods_Mephi22.framework in Frameworks */,
			);
			runOnlyForDeploymentPostprocessing = 0;
		};
/* End PBXFrameworksBuildPhase section */

/* Begin PBXGroup section */
		68114D959E5D242096A331F9 /* Frameworks */ = {
			isa = PBXGroup;
			children = (
				A18B05463E07886F37487C26 /* Pods_Mephi22.framework */,
			);
			name = Frameworks;
			sourceTree = "<group>";
		};
		7141B002BC51BB7FEBC95892 /* Pods */ = {
			isa = PBXGroup;
			children = (
				66561BFD4DD37AC49E5070A3 /* Pods-Mephi22.debug.xcconfig */,
				7EF5A2C67B97869176C41EF6 /* Pods-Mephi22.release.xcconfig */,
			);
			name = Pods;
			sourceTree = "<group>";
		};
		741ABD2B1FEC648100E4B97F /* Requests */ = {
			isa = PBXGroup;
			children = (
				741ABD2C1FEC64A700E4B97F /* Mephi22Request.swift */,
				741ABD2E1FEC64BA00E4B97F /* KairosRequest.swift */,
				741ABD301FEC64D400E4B97F /* IRequest.swift */,
			);
			path = Requests;
			sourceTree = "<group>";
		};
		748943BD1FDAF27D0015D853 = {
			isa = PBXGroup;
			children = (
				748943C81FDAF27D0015D853 /* Mephi22 */,
				748943C71FDAF27D0015D853 /* Products */,
				7141B002BC51BB7FEBC95892 /* Pods */,
				68114D959E5D242096A331F9 /* Frameworks */,
			);
			sourceTree = "<group>";
		};
		748943C71FDAF27D0015D853 /* Products */ = {
			isa = PBXGroup;
			children = (
				748943C61FDAF27D0015D853 /* Mephi22.app */,
			);
			name = Products;
			sourceTree = "<group>";
		};
		748943C81FDAF27D0015D853 /* Mephi22 */ = {
			isa = PBXGroup;
			children = (
				748943EB1FDBCBE60015D853 /* SupportingFiles */,
				748943EC1FDBCBF90015D853 /* Media */,
				748943DB1FDAF5BE0015D853 /* PresentationLayer */,
				748943DC1FDAF5CE0015D853 /* ServiceLayer */,
				748943DD1FDAF5D80015D853 /* CoreLayer */,
				748943C91FDAF27D0015D853 /* AppDelegate.swift */,
				748943D51FDAF27D0015D853 /* Info.plist */,
				748943E91FDBCBCF0015D853 /* RootAssembly.swift */,
			);
			path = Mephi22;
			sourceTree = "<group>";
		};
		748943DB1FDAF5BE0015D853 /* PresentationLayer */ = {
			isa = PBXGroup;
			children = (
				748944051FDD4D5F0015D853 /* DataSources */,
				748943ED1FDBCC340015D853 /* UIRounded */,
				748943DE1FDAF5EF0015D853 /* Modules */,
			);
			path = PresentationLayer;
			sourceTree = "<group>";
		};
		748943DC1FDAF5CE0015D853 /* ServiceLayer */ = {
			isa = PBXGroup;
			children = (
				748943F91FDC6EAE0015D853 /* Mephi22Service.swift */,
				741ABD321FEC668000E4B97F /* FaceRecognitionService.swift */,
			);
			path = ServiceLayer;
			sourceTree = "<group>";
		};
		748943DD1FDAF5D80015D853 /* CoreLayer */ = {
			isa = PBXGroup;
			children = (
				748943F81FDC641D0015D853 /* Networking */,
			);
			path = CoreLayer;
			sourceTree = "<group>";
		};
		748943DE1FDAF5EF0015D853 /* Modules */ = {
			isa = PBXGroup;
			children = (
				74C8ED521FEFD92F00A67EB5 /* Camera */,
				748943E41FDAF7520015D853 /* Menu */,
				748943E31FDAF74A0015D853 /* Lectures */,
				748943E21FDAF73E0015D853 /* Seminars */,
				748943E11FDAF7160015D853 /* CheckPredictions */,
				748943E01FDAF70A0015D853 /* DeleteFace */,
				748943DF1FDAF6FC0015D853 /* AddFace */,
			);
			path = Modules;
			sourceTree = "<group>";
		};
		748943DF1FDAF6FC0015D853 /* AddFace */ = {
			isa = PBXGroup;
			children = (
				748943F01FDBCC980015D853 /* AFSelectStudent.storyboard */,
				748943F61FDC48840015D853 /* AFSelectStudentViewController.swift */,
				748944061FDD4DBF0015D853 /* AddFaceAssembly.swift */,
			);
			path = AddFace;
			sourceTree = "<group>";
		};
		748943E01FDAF70A0015D853 /* DeleteFace */ = {
			isa = PBXGroup;
			children = (
				741ABD251FEC1E2C00E4B97F /* DeleteFaces.storyboard */,
				741ABD271FEC1E6900E4B97F /* DeleteFacesViewController.swift */,
				741ABD291FEC1F2000E4B97F /* DeleteFacesAssembly.swift */,
				74949D051FEDAC2000407925 /* DeleteFacesInteractor.swift */,
			);
			path = DeleteFace;
			sourceTree = "<group>";
		};
		748943E11FDAF7160015D853 /* CheckPredictions */ = {
			isa = PBXGroup;
			children = (
				746FEA6B1FF0168600736FAF /* CheckPredictions.storyboard */,
				746FEA6D1FF019E400736FAF /* CheckPredictionsViewController.swift */,
				746FEA6F1FF0248700736FAF /* CheckPredictionsAssembly.swift */,
			);
			path = CheckPredictions;
			sourceTree = "<group>";
		};
		748943E21FDAF73E0015D853 /* Seminars */ = {
			isa = PBXGroup;
			children = (
				74949D191FEFC2CE00407925 /* ClassesSelectGroup.storyboard */,
				74949D1B1FEFC3AA00407925 /* ClassesSelectGroupViewController.swift */,
				74C8ED501FEFD90200A67EB5 /* ClassesAssembly.swift */,
			);
			path = Seminars;
			sourceTree = "<group>";
		};
		748943E31FDAF74A0015D853 /* Lectures */ = {
			isa = PBXGroup;
			children = (
			);
			path = Lectures;
			sourceTree = "<group>";
		};
		748943E41FDAF7520015D853 /* Menu */ = {
			isa = PBXGroup;
			children = (
				748943E51FDB3A500015D853 /* Menu.storyboard */,
				748943E71FDB3FDB0015D853 /* MenuTableViewController.swift */,
				7415826A1FDD7FCB00A7DC97 /* MenuAssembly.swift */,
			);
			path = Menu;
			sourceTree = "<group>";
		};
		748943EB1FDBCBE60015D853 /* SupportingFiles */ = {
			isa = PBXGroup;
			children = (
				748943D21FDAF27D0015D853 /* LaunchScreen.storyboard */,
			);
			path = SupportingFiles;
			sourceTree = "<group>";
		};
		748943EC1FDBCBF90015D853 /* Media */ = {
			isa = PBXGroup;
			children = (
				748943D01FDAF27D0015D853 /* Assets.xcassets */,
			);
			path = Media;
			sourceTree = "<group>";
		};
		748943ED1FDBCC340015D853 /* UIRounded */ = {
			isa = PBXGroup;
			children = (
				748943EE1FDBCC6D0015D853 /* RoundedUIButton.swift */,
			);
			path = UIRounded;
			sourceTree = "<group>";
		};
		748943F51FDC484A0015D853 /* AFCamera */ = {
			isa = PBXGroup;
			children = (
				74949D111FEF067E00407925 /* AFCameraViewController.swift */,
				74949D151FEFA64100407925 /* AFCamera.storyboard */,
			);
			path = AFCamera;
			sourceTree = "<group>";
		};
		748943F81FDC641D0015D853 /* Networking */ = {
			isa = PBXGroup;
			children = (
				74A7EF4D1FF03F1F00718BFB /* ResponseModels */,
				741ABD2B1FEC648100E4B97F /* Requests */,
				748943FD1FDC73E00015D853 /* RequestSender.swift */,
				748943FF1FDC83E40015D853 /* RequestFactory.swift */,
			);
			path = Networking;
			sourceTree = "<group>";
		};
		748944051FDD4D5F0015D853 /* DataSources */ = {
			isa = PBXGroup;
			children = (
				748944011FDC8AFA0015D853 /* GroupsDataSource.swift */,
				748944031FDD2FF00015D853 /* StudentsDataSource.swift */,
				74949D011FED411500407925 /* EnrolledGroupsDataSource.swift */,
				74949D031FED91A900407925 /* EnrolledStudentsDataSource.swift */,
				74949D071FEE45BC00407925 /* IGroupsDataSource.swift */,
				74949D091FEE45D800407925 /* IStudentsDataSource.swift */,
			);
			path = DataSources;
			sourceTree = "<group>";
		};
		74A7EF4D1FF03F1F00718BFB /* ResponseModels */ = {
			isa = PBXGroup;
			children = (
				74A7EF4E1FF03F5300718BFB /* Mephi22ResponseModels.swift */,
				74A7EF501FF03F7E00718BFB /* FaceRecognitionResponseModels.swift */,
			);
			path = ResponseModels;
			sourceTree = "<group>";
		};
		74C8ED521FEFD92F00A67EB5 /* Camera */ = {
			isa = PBXGroup;
			children = (
				74C8ED551FEFDE7700A67EB5 /* ClassesCamera */,
				748943F51FDC484A0015D853 /* AFCamera */,
				74C8ED531FEFDA4400A67EB5 /* CameraAssembly.swift */,
				74949D0C1FEE617B00407925 /* CameraViewController.swift */,
				74949D131FEF99C000407925 /* CameraInteractor.swift */,
			);
			path = Camera;
			sourceTree = "<group>";
		};
		74C8ED551FEFDE7700A67EB5 /* ClassesCamera */ = {
			isa = PBXGroup;
			children = (
				74C8ED561FEFDE9800A67EB5 /* ClassesCamera.storyboard */,
				74C8ED581FEFE1E900A67EB5 /* ClassesCameraViewController.swift */,
			);
			path = ClassesCamera;
			sourceTree = "<group>";
		};
/* End PBXGroup section */

/* Begin PBXNativeTarget section */
		748943C51FDAF27D0015D853 /* Mephi22 */ = {
			isa = PBXNativeTarget;
			buildConfigurationList = 748943D81FDAF27D0015D853 /* Build configuration list for PBXNativeTarget "Mephi22" */;
			buildPhases = (
				857B3680B25ED3FE36534009 /* [CP] Check Pods Manifest.lock */,
				748943C21FDAF27D0015D853 /* Sources */,
				748943C31FDAF27D0015D853 /* Frameworks */,
				748943C41FDAF27D0015D853 /* Resources */,
				5B0F2629492FA794E1E665CB /* [CP] Embed Pods Frameworks */,
				D50F0035473C1678B5D0B2E5 /* [CP] Copy Pods Resources */,
			);
			buildRules = (
			);
			dependencies = (
			);
			name = Mephi22;
			productName = Mephi22;
			productReference = 748943C61FDAF27D0015D853 /* Mephi22.app */;
			productType = "com.apple.product-type.application";
		};
/* End PBXNativeTarget section */

/* Begin PBXProject section */
		748943BE1FDAF27D0015D853 /* Project object */ = {
			isa = PBXProject;
			attributes = {
				LastSwiftUpdateCheck = 0920;
				LastUpgradeCheck = 0920;
				ORGANIZATIONNAME = "Mikhail Rudanov";
				TargetAttributes = {
					748943C51FDAF27D0015D853 = {
						CreatedOnToolsVersion = 9.2;
						ProvisioningStyle = Automatic;
					};
				};
			};
			buildConfigurationList = 748943C11FDAF27D0015D853 /* Build configuration list for PBXProject "Mephi22" */;
			compatibilityVersion = "Xcode 8.0";
			developmentRegion = en;
			hasScannedForEncodings = 0;
			knownRegions = (
				en,
				Base,
			);
			mainGroup = 748943BD1FDAF27D0015D853;
			productRefGroup = 748943C71FDAF27D0015D853 /* Products */;
			projectDirPath = "";
			projectRoot = "";
			targets = (
				748943C51FDAF27D0015D853 /* Mephi22 */,
			);
		};
/* End PBXProject section */

/* Begin PBXResourcesBuildPhase section */
		748943C41FDAF27D0015D853 /* Resources */ = {
			isa = PBXResourcesBuildPhase;
			buildActionMask = 2147483647;
			files = (
				74949D1A1FEFC2CE00407925 /* ClassesSelectGroup.storyboard in Resources */,
				748943E61FDB3A500015D853 /* Menu.storyboard in Resources */,
				741ABD261FEC1E2C00E4B97F /* DeleteFaces.storyboard in Resources */,
				74949D161FEFA64100407925 /* AFCamera.storyboard in Resources */,
				748943F11FDBCC980015D853 /* AFSelectStudent.storyboard in Resources */,
				748943D41FDAF27D0015D853 /* LaunchScreen.storyboard in Resources */,
				74C8ED571FEFDE9800A67EB5 /* ClassesCamera.storyboard in Resources */,
				748943D11FDAF27D0015D853 /* Assets.xcassets in Resources */,
				746FEA6C1FF0168600736FAF /* CheckPredictions.storyboard in Resources */,
			);
			runOnlyForDeploymentPostprocessing = 0;
		};
/* End PBXResourcesBuildPhase section */

/* Begin PBXShellScriptBuildPhase section */
		5B0F2629492FA794E1E665CB /* [CP] Embed Pods Frameworks */ = {
			isa = PBXShellScriptBuildPhase;
			buildActionMask = 2147483647;
			files = (
			);
			inputPaths = (
				"${SRCROOT}/Pods/Target Support Files/Pods-Mephi22/Pods-Mephi22-frameworks.sh",
				"${BUILT_PRODUCTS_DIR}/Alamofire/Alamofire.framework",
				"${BUILT_PRODUCTS_DIR}/PKHUD/PKHUD.framework",
			);
			name = "[CP] Embed Pods Frameworks";
			outputPaths = (
				"${TARGET_BUILD_DIR}/${FRAMEWORKS_FOLDER_PATH}/Alamofire.framework",
				"${TARGET_BUILD_DIR}/${FRAMEWORKS_FOLDER_PATH}/PKHUD.framework",
			);
			runOnlyForDeploymentPostprocessing = 0;
			shellPath = /bin/sh;
			shellScript = "\"${SRCROOT}/Pods/Target Support Files/Pods-Mephi22/Pods-Mephi22-frameworks.sh\"\n";
			showEnvVarsInLog = 0;
		};
		857B3680B25ED3FE36534009 /* [CP] Check Pods Manifest.lock */ = {
			isa = PBXShellScriptBuildPhase;
			buildActionMask = 2147483647;
			files = (
			);
			inputPaths = (
				"${PODS_PODFILE_DIR_PATH}/Podfile.lock",
				"${PODS_ROOT}/Manifest.lock",
			);
			name = "[CP] Check Pods Manifest.lock";
			outputPaths = (
				"$(DERIVED_FILE_DIR)/Pods-Mephi22-checkManifestLockResult.txt",
			);
			runOnlyForDeploymentPostprocessing = 0;
			shellPath = /bin/sh;
			shellScript = "diff \"${PODS_PODFILE_DIR_PATH}/Podfile.lock\" \"${PODS_ROOT}/Manifest.lock\" > /dev/null\nif [ $? != 0 ] ; then\n    # print error to STDERR\n    echo \"error: The sandbox is not in sync with the Podfile.lock. Run 'pod install' or update your CocoaPods installation.\" >&2\n    exit 1\nfi\n# This output is used by Xcode 'outputs' to avoid re-running this script phase.\necho \"SUCCESS\" > \"${SCRIPT_OUTPUT_FILE_0}\"\n";
			showEnvVarsInLog = 0;
		};
		D50F0035473C1678B5D0B2E5 /* [CP] Copy Pods Resources */ = {
			isa = PBXShellScriptBuildPhase;
			buildActionMask = 2147483647;
			files = (
			);
			inputPaths = (
			);
			name = "[CP] Copy Pods Resources";
			outputPaths = (
			);
			runOnlyForDeploymentPostprocessing = 0;
			shellPath = /bin/sh;
			shellScript = "\"${SRCROOT}/Pods/Target Support Files/Pods-Mephi22/Pods-Mephi22-resources.sh\"\n";
			showEnvVarsInLog = 0;
		};
/* End PBXShellScriptBuildPhase section */

/* Begin PBXSourcesBuildPhase section */
		748943C21FDAF27D0015D853 /* Sources */ = {
			isa = PBXSourcesBuildPhase;
			buildActionMask = 2147483647;
			files = (
				74949D1C1FEFC3AA00407925 /* ClassesSelectGroupViewController.swift in Sources */,
				741ABD281FEC1E6900E4B97F /* DeleteFacesViewController.swift in Sources */,
				748944041FDD2FF00015D853 /* StudentsDataSource.swift in Sources */,
				74949D0A1FEE45D800407925 /* IStudentsDataSource.swift in Sources */,
				748944021FDC8AFA0015D853 /* GroupsDataSource.swift in Sources */,
				748944001FDC83E40015D853 /* RequestFactory.swift in Sources */,
				74C8ED591FEFE1E900A67EB5 /* ClassesCameraViewController.swift in Sources */,
				74949D0D1FEE617B00407925 /* CameraViewController.swift in Sources */,
				74C8ED541FEFDA4400A67EB5 /* CameraAssembly.swift in Sources */,
				748943FE1FDC73E00015D853 /* RequestSender.swift in Sources */,
				741ABD2F1FEC64BA00E4B97F /* KairosRequest.swift in Sources */,
				74949D041FED91A900407925 /* EnrolledStudentsDataSource.swift in Sources */,
				748943F71FDC48840015D853 /* AFSelectStudentViewController.swift in Sources */,
				74949D141FEF99C000407925 /* CameraInteractor.swift in Sources */,
				748943CA1FDAF27D0015D853 /* AppDelegate.swift in Sources */,
				748943EA1FDBCBCF0015D853 /* RootAssembly.swift in Sources */,
				741ABD311FEC64D400E4B97F /* IRequest.swift in Sources */,
				746FEA6E1FF019E400736FAF /* CheckPredictionsViewController.swift in Sources */,
				748943FA1FDC6EAE0015D853 /* Mephi22Service.swift in Sources */,
				748944071FDD4DBF0015D853 /* AddFaceAssembly.swift in Sources */,
				74949D021FED411500407925 /* EnrolledGroupsDataSource.swift in Sources */,
				741ABD2A1FEC1F2000E4B97F /* DeleteFacesAssembly.swift in Sources */,
				74C8ED511FEFD90200A67EB5 /* ClassesAssembly.swift in Sources */,
				74A7EF4F1FF03F5300718BFB /* Mephi22ResponseModels.swift in Sources */,
				7415826B1FDD7FCB00A7DC97 /* MenuAssembly.swift in Sources */,
				74949D081FEE45BC00407925 /* IGroupsDataSource.swift in Sources */,
				748943E81FDB3FDB0015D853 /* MenuTableViewController.swift in Sources */,
				74949D121FEF067E00407925 /* AFCameraViewController.swift in Sources */,
				746FEA701FF0248700736FAF /* CheckPredictionsAssembly.swift in Sources */,
				748943EF1FDBCC6D0015D853 /* RoundedUIButton.swift in Sources */,
				74949D061FEDAC2000407925 /* DeleteFacesInteractor.swift in Sources */,
				741ABD331FEC668000E4B97F /* FaceRecognitionService.swift in Sources */,
				741ABD2D1FEC64A700E4B97F /* Mephi22Request.swift in Sources */,
				74A7EF511FF03F7E00718BFB /* FaceRecognitionResponseModels.swift in Sources */,
			);
			runOnlyForDeploymentPostprocessing = 0;
		};
/* End PBXSourcesBuildPhase section */

/* Begin PBXVariantGroup section */
		748943D21FDAF27D0015D853 /* LaunchScreen.storyboard */ = {
			isa = PBXVariantGroup;
			children = (
				748943D31FDAF27D0015D853 /* Base */,
			);
			name = LaunchScreen.storyboard;
			sourceTree = "<group>";
		};
/* End PBXVariantGroup section */

/* Begin XCBuildConfiguration section */
		748943D61FDAF27D0015D853 /* Debug */ = {
			isa = XCBuildConfiguration;
			buildSettings = {
				ALWAYS_SEARCH_USER_PATHS = NO;
				CLANG_ANALYZER_NONNULL = YES;
				CLANG_ANALYZER_NUMBER_OBJECT_CONVERSION = YES_AGGRESSIVE;
				CLANG_CXX_LANGUAGE_STANDARD = "gnu++14";
				CLANG_CXX_LIBRARY = "libc++";
				CLANG_ENABLE_MODULES = YES;
				CLANG_ENABLE_OBJC_ARC = YES;
				CLANG_WARN_BLOCK_CAPTURE_AUTORELEASING = YES;
				CLANG_WARN_BOOL_CONVERSION = YES;
				CLANG_WARN_COMMA = YES;
				CLANG_WARN_CONSTANT_CONVERSION = YES;
				CLANG_WARN_DIRECT_OBJC_ISA_USAGE = YES_ERROR;
				CLANG_WARN_DOCUMENTATION_COMMENTS = YES;
				CLANG_WARN_EMPTY_BODY = YES;
				CLANG_WARN_ENUM_CONVERSION = YES;
				CLANG_WARN_INFINITE_RECURSION = YES;
				CLANG_WARN_INT_CONVERSION = YES;
				CLANG_WARN_NON_LITERAL_NULL_CONVERSION = YES;
				CLANG_WARN_OBJC_LITERAL_CONVERSION = YES;
				CLANG_WARN_OBJC_ROOT_CLASS = YES_ERROR;
				CLANG_WARN_RANGE_LOOP_ANALYSIS = YES;
				CLANG_WARN_STRICT_PROTOTYPES = YES;
				CLANG_WARN_SUSPICIOUS_MOVE = YES;
				CLANG_WARN_UNGUARDED_AVAILABILITY = YES_AGGRESSIVE;
				CLANG_WARN_UNREACHABLE_CODE = YES;
				CLANG_WARN__DUPLICATE_METHOD_MATCH = YES;
				CODE_SIGN_IDENTITY = "iPhone Developer";
				COPY_PHASE_STRIP = NO;
				DEBUG_INFORMATION_FORMAT = dwarf;
				ENABLE_STRICT_OBJC_MSGSEND = YES;
				ENABLE_TESTABILITY = YES;
				GCC_C_LANGUAGE_STANDARD = gnu11;
				GCC_DYNAMIC_NO_PIC = NO;
				GCC_NO_COMMON_BLOCKS = YES;
				GCC_OPTIMIZATION_LEVEL = 0;
				GCC_PREPROCESSOR_DEFINITIONS = (
					"DEBUG=1",
					"$(inherited)",
				);
				GCC_WARN_64_TO_32_BIT_CONVERSION = YES;
				GCC_WARN_ABOUT_RETURN_TYPE = YES_ERROR;
				GCC_WARN_UNDECLARED_SELECTOR = YES;
				GCC_WARN_UNINITIALIZED_AUTOS = YES_AGGRESSIVE;
				GCC_WARN_UNUSED_FUNCTION = YES;
				GCC_WARN_UNUSED_VARIABLE = YES;
				IPHONEOS_DEPLOYMENT_TARGET = 11.2;
				MTL_ENABLE_DEBUG_INFO = YES;
				ONLY_ACTIVE_ARCH = YES;
				SDKROOT = iphoneos;
				SWIFT_ACTIVE_COMPILATION_CONDITIONS = DEBUG;
				SWIFT_OPTIMIZATION_LEVEL = "-Onone";
			};
			name = Debug;
		};
		748943D71FDAF27D0015D853 /* Release */ = {
			isa = XCBuildConfiguration;
			buildSettings = {
				ALWAYS_SEARCH_USER_PATHS = NO;
				CLANG_ANALYZER_NONNULL = YES;
				CLANG_ANALYZER_NUMBER_OBJECT_CONVERSION = YES_AGGRESSIVE;
				CLANG_CXX_LANGUAGE_STANDARD = "gnu++14";
				CLANG_CXX_LIBRARY = "libc++";
				CLANG_ENABLE_MODULES = YES;
				CLANG_ENABLE_OBJC_ARC = YES;
				CLANG_WARN_BLOCK_CAPTURE_AUTORELEASING = YES;
				CLANG_WARN_BOOL_CONVERSION = YES;
				CLANG_WARN_COMMA = YES;
				CLANG_WARN_CONSTANT_CONVERSION = YES;
				CLANG_WARN_DIRECT_OBJC_ISA_USAGE = YES_ERROR;
				CLANG_WARN_DOCUMENTATION_COMMENTS = YES;
				CLANG_WARN_EMPTY_BODY = YES;
				CLANG_WARN_ENUM_CONVERSION = YES;
				CLANG_WARN_INFINITE_RECURSION = YES;
				CLANG_WARN_INT_CONVERSION = YES;
				CLANG_WARN_NON_LITERAL_NULL_CONVERSION = YES;
				CLANG_WARN_OBJC_LITERAL_CONVERSION = YES;
				CLANG_WARN_OBJC_ROOT_CLASS = YES_ERROR;
				CLANG_WARN_RANGE_LOOP_ANALYSIS = YES;
				CLANG_WARN_STRICT_PROTOTYPES = YES;
				CLANG_WARN_SUSPICIOUS_MOVE = YES;
				CLANG_WARN_UNGUARDED_AVAILABILITY = YES_AGGRESSIVE;
				CLANG_WARN_UNREACHABLE_CODE = YES;
				CLANG_WARN__DUPLICATE_METHOD_MATCH = YES;
				CODE_SIGN_IDENTITY = "iPhone Developer";
				COPY_PHASE_STRIP = NO;
				DEBUG_INFORMATION_FORMAT = "dwarf-with-dsym";
				ENABLE_NS_ASSERTIONS = NO;
				ENABLE_STRICT_OBJC_MSGSEND = YES;
				GCC_C_LANGUAGE_STANDARD = gnu11;
				GCC_NO_COMMON_BLOCKS = YES;
				GCC_WARN_64_TO_32_BIT_CONVERSION = YES;
				GCC_WARN_ABOUT_RETURN_TYPE = YES_ERROR;
				GCC_WARN_UNDECLARED_SELECTOR = YES;
				GCC_WARN_UNINITIALIZED_AUTOS = YES_AGGRESSIVE;
				GCC_WARN_UNUSED_FUNCTION = YES;
				GCC_WARN_UNUSED_VARIABLE = YES;
				IPHONEOS_DEPLOYMENT_TARGET = 11.2;
				MTL_ENABLE_DEBUG_INFO = NO;
				SDKROOT = iphoneos;
				SWIFT_OPTIMIZATION_LEVEL = "-Owholemodule";
				VALIDATE_PRODUCT = YES;
			};
			name = Release;
		};
		748943D91FDAF27D0015D853 /* Debug */ = {
			isa = XCBuildConfiguration;
			baseConfigurationReference = 66561BFD4DD37AC49E5070A3 /* Pods-Mephi22.debug.xcconfig */;
			buildSettings = {
				ASSETCATALOG_COMPILER_APPICON_NAME = AppIcon;
				"CODE_SIGN_IDENTITY[sdk=iphoneos*]" = "iPhone Developer";
				CODE_SIGN_STYLE = Automatic;
				DEVELOPMENT_TEAM = EYNJSUJ3CP;
				INFOPLIST_FILE = Mephi22/Info.plist;
				LD_RUNPATH_SEARCH_PATHS = "$(inherited) @executable_path/Frameworks";
				PRODUCT_BUNDLE_IDENTIFIER = edu.mrudanov.Mephi22;
				PRODUCT_NAME = "$(TARGET_NAME)";
				PROVISIONING_PROFILE_SPECIFIER = "";
				SWIFT_VERSION = 4.0;
				TARGETED_DEVICE_FAMILY = "1,2";
			};
			name = Debug;
		};
		748943DA1FDAF27D0015D853 /* Release */ = {
			isa = XCBuildConfiguration;
			baseConfigurationReference = 7EF5A2C67B97869176C41EF6 /* Pods-Mephi22.release.xcconfig */;
			buildSettings = {
				ASSETCATALOG_COMPILER_APPICON_NAME = AppIcon;
				"CODE_SIGN_IDENTITY[sdk=iphoneos*]" = "iPhone Developer";
				CODE_SIGN_STYLE = Automatic;
				DEVELOPMENT_TEAM = EYNJSUJ3CP;
				INFOPLIST_FILE = Mephi22/Info.plist;
				LD_RUNPATH_SEARCH_PATHS = "$(inherited) @executable_path/Frameworks";
				PRODUCT_BUNDLE_IDENTIFIER = edu.mrudanov.Mephi22;
				PRODUCT_NAME = "$(TARGET_NAME)";
				PROVISIONING_PROFILE_SPECIFIER = "";
				SWIFT_VERSION = 4.0;
				TARGETED_DEVICE_FAMILY = "1,2";
			};
			name = Release;
		};
/* End XCBuildConfiguration section */

/* Begin XCConfigurationList section */
		748943C11FDAF27D0015D853 /* Build configuration list for PBXProject "Mephi22" */ = {
			isa = XCConfigurationList;
			buildConfigurations = (
				748943D61FDAF27D0015D853 /* Debug */,
				748943D71FDAF27D0015D853 /* Release */,
			);
			defaultConfigurationIsVisible = 0;
			defaultConfigurationName = Release;
		};
		748943D81FDAF27D0015D853 /* Build configuration list for PBXNativeTarget "Mephi22" */ = {
			isa = XCConfigurationList;
			buildConfigurations = (
				748943D91FDAF27D0015D853 /* Debug */,
				748943DA1FDAF27D0015D853 /* Release */,
			);
			defaultConfigurationIsVisible = 0;
			defaultConfigurationName = Release;
		};
/* End XCConfigurationList section */
	};
	rootObject = 748943BE1FDAF27D0015D853 /* Project object */;
}
